{
    "name": "miniprogram",
    "version": "1.0.0",
    "lockfileVersion": 3,
    "requires": true,
    "packages": {
        "": {
            "name": "miniprogram",
            "version": "1.0.0",
            "dependencies": {
                "tdesign-miniprogram": "^1.12.0"
            },
            "devDependencies": {
                "miniprogram-api-typings": "^3.9.1",
                "typescript": "^5.0.0"
            }
        },
        "node_modules/miniprogram-api-typings": {
            "version": "3.12.3",
            "resolved": "https://registry.npmmirror.com/miniprogram-api-typings/-/miniprogram-api-typings-3.12.3.tgz",
            "integrity": "sha512-o7bOfrU28MEMCBWo83nXv0ROQSBFxJcfCl4f2wTYqah64ipC5RGqLJfvWJTWhlQt2ECVwspSzM8LgvnfMo7TEQ==",
            "dev": true
        },
        "node_modules/tdesign-miniprogram": {
            "version": "1.12.0",
            "resolved": "https://registry.npmmirror.com/tdesign-miniprogram/-/tdesign-miniprogram-1.12.0.tgz",
            "integrity": "sha512-Ft+B1HWMOKuOpM9+Z0mflprWrxSB/ESo6TVymjxJ6xzMgSfEcbmFaXpd0nJ+Oj/5GCljqP06ZTeWazuk1G6Ugg=="
        },
        "node_modules/typescript": {
            "version": "5.8.3",
            "resolved": "https://registry.npmmirror.com/typescript/-/typescript-5.8.3.tgz",
            "integrity": "sha512-p1diW6TqL9L07nNxvRMM7hMMw4c5XOo/1ibL4aAIGmSAt9slTE1Xgw5KWuof2uTOvCg9BY7ZRi+GaF+7sfgPeQ==",
            "dev": true,
            "bin": {
                "tsc": "bin/tsc",
                "tsserver": "bin/tsserver"
            },
            "engines": {
                "node": ">=14.17"
            }
        }
    }
}
