lockfileVersion: '9.0'

settings:
  autoInstallPeers: true
  excludeLinksFromLockfile: false

importers:

  .:
    dependencies:
      '@cloudbase/wx-cloud-client-sdk':
        specifier: ^1.5.0
        version: 1.5.0
    devDependencies:
      miniprogram-api-typings:
        specifier: ^3.9.1
        version: 3.12.3
      typescript:
        specifier: ^5.0.0
        version: 5.8.3

packages:

  '@cloudbase/wx-cloud-client-sdk@1.5.0':
    resolution: {integrity: sha512-ceXxNPYX2/SxJ3Dq2fmEZkkOQaCKPJvhwo5gkIrhi9h2cUlBvaRTaqqQXYufjjXuVo10MLg03oyQsNKZNojWPg==}

  miniprogram-api-typings@3.12.3:
    resolution: {integrity: sha512-o7bOfrU28MEMCBWo83nXv0ROQSBFxJcfCl4f2wTYqah64ipC5RGqLJfvWJTWhlQt2ECVwspSzM8LgvnfMo7TEQ==}

  typescript@5.8.3:
    resolution: {integrity: sha512-p1diW6TqL9L07nNxvRMM7hMMw4c5XOo/1ibL4aAIGmSAt9slTE1Xgw5KWuof2uTOvCg9BY7ZRi+GaF+7sfgPeQ==}
    engines: {node: '>=14.17'}
    hasBin: true

snapshots:

  '@cloudbase/wx-cloud-client-sdk@1.5.0': {}

  miniprogram-api-typings@3.12.3: {}

  typescript@5.8.3: {}
